// !$*UTF8*$!
{
	archiveVersion = 1;
	classes = {
	};
	objectVersion = 46;
	objects = {

/* Begin PBXBuildFile section */
		94E38F051E91A109009254B4 /* AppDelegate.swift in Sources */ = {isa = PBXBuildFile; fileRef = 94E38F041E91A109009254B4 /* AppDelegate.swift */; };
		94E38F071E91A109009254B4 /* GameScene.sks in Resources */ = {isa = PBXBuildFile; fileRef = 94E38F061E91A109009254B4 /* GameScene.sks */; };
		94E38F091E91A109009254B4 /* Actions.sks in Resources */ = {isa = PBXBuildFile; fileRef = 94E38F081E91A109009254B4 /* Actions.sks */; };
		94E38F0B1E91A109009254B4 /* GameScene.swift in Sources */ = {isa = PBXBuildFile; fileRef = 94E38F0A1E91A109009254B4 /* GameScene.swift */; };
		94E38F0D1E91A109009254B4 /* GameViewController.swift in Sources */ = {isa = PBXBuildFile; fileRef = 94E38F0C1E91A109009254B4 /* GameViewController.swift */; };
		94E38F101E91A109009254B4 /* Main.storyboard in Resources */ = {isa = PBXBuildFile; fileRef = 94E38F0E1E91A109009254B4 /* Main.storyboard */; };
		94E38F121E91A109009254B4 /* Assets.xcassets in Resources */ = {isa = PBXBuildFile; fileRef = 94E38F111E91A109009254B4 /* Assets.xcassets */; };
		94E38F151E91A109009254B4 /* LaunchScreen.storyboard in Resources */ = {isa = PBXBuildFile; fileRef = 94E38F131E91A109009254B4 /* LaunchScreen.storyboard */; };
		94E38F1F1E91A6A8009254B4 /* RBStaticGround.swift in Sources */ = {isa = PBXBuildFile; fileRef = 94E38F1E1E91A6A8009254B4 /* RBStaticGround.swift */; };
		94E38F211E91AB32009254B4 /* RBCharacterController.swift in Sources */ = {isa = PBXBuildFile; fileRef = 94E38F201E91AB32009254B4 /* RBCharacterController.swift */; };
		94E38F231E92AEBA009254B4 /* RBDStickController.swift in Sources */ = {isa = PBXBuildFile; fileRef = 94E38F221E92AEBA009254B4 /* RBDStickController.swift */; };
/* End PBXBuildFile section */

/* Begin PBXFileReference section */
		94E38F011E91A109009254B4 /* Yusan_v0.2.app */ = {isa = PBXFileReference; explicitFileType = wrapper.application; includeInIndex = 0; path = Yusan_v0.2.app; sourceTree = BUILT_PRODUCTS_DIR; };
		94E38F041E91A109009254B4 /* AppDelegate.swift */ = {isa = PBXFileReference; lastKnownFileType = sourcecode.swift; path = AppDelegate.swift; sourceTree = "<group>"; };
		94E38F061E91A109009254B4 /* GameScene.sks */ = {isa = PBXFileReference; lastKnownFileType = file.sks; path = GameScene.sks; sourceTree = "<group>"; };
		94E38F081E91A109009254B4 /* Actions.sks */ = {isa = PBXFileReference; lastKnownFileType = file.sks; path = Actions.sks; sourceTree = "<group>"; };
		94E38F0A1E91A109009254B4 /* GameScene.swift */ = {isa = PBXFileReference; lastKnownFileType = sourcecode.swift; path = GameScene.swift; sourceTree = "<group>"; };
		94E38F0C1E91A109009254B4 /* GameViewController.swift */ = {isa = PBXFileReference; lastKnownFileType = sourcecode.swift; path = GameViewController.swift; sourceTree = "<group>"; };
		94E38F0F1E91A109009254B4 /* Base */ = {isa = PBXFileReference; lastKnownFileType = file.storyboard; name = Base; path = Base.lproj/Main.storyboard; sourceTree = "<group>"; };
		94E38F111E91A109009254B4 /* Assets.xcassets */ = {isa = PBXFileReference; lastKnownFileType = folder.assetcatalog; path = Assets.xcassets; sourceTree = "<group>"; };
		94E38F141E91A109009254B4 /* Base */ = {isa = PBXFileReference; lastKnownFileType = file.storyboard; name = Base; path = Base.lproj/LaunchScreen.storyboard; sourceTree = "<group>"; };
		94E38F161E91A109009254B4 /* Info.plist */ = {isa = PBXFileReference; lastKnownFileType = text.plist.xml; path = Info.plist; sourceTree = "<group>"; };
		94E38F1E1E91A6A8009254B4 /* RBStaticGround.swift */ = {isa = PBXFileReference; fileEncoding = 4; lastKnownFileType = sourcecode.swift; path = RBStaticGround.swift; sourceTree = "<group>"; };
		94E38F201E91AB32009254B4 /* RBCharacterController.swift */ = {isa = PBXFileReference; fileEncoding = 4; lastKnownFileType = sourcecode.swift; path = RBCharacterController.swift; sourceTree = "<group>"; };
		94E38F221E92AEBA009254B4 /* RBDStickController.swift */ = {isa = PBXFileReference; fileEncoding = 4; lastKnownFileType = sourcecode.swift; path = RBDStickController.swift; sourceTree = "<group>"; };
/* End PBXFileReference section */

/* Begin PBXFrameworksBuildPhase section */
		94E38EFE1E91A109009254B4 /* Frameworks */ = {
			isa = PBXFrameworksBuildPhase;
			buildActionMask = 2147483647;
			files = (
			);
			runOnlyForDeploymentPostprocessing = 0;
		};
/* End PBXFrameworksBuildPhase section */

/* Begin PBXGroup section */
		94E38EF81E91A109009254B4 = {
			isa = PBXGroup;
			children = (
				94E38F031E91A109009254B4 /* Yusan_v0.2 */,
				94E38F021E91A109009254B4 /* Products */,
			);
			sourceTree = "<group>";
		};
		94E38F021E91A109009254B4 /* Products */ = {
			isa = PBXGroup;
			children = (
				94E38F011E91A109009254B4 /* Yusan_v0.2.app */,
			);
			name = Products;
			sourceTree = "<group>";
		};
		94E38F031E91A109009254B4 /* Yusan_v0.2 */ = {
			isa = PBXGroup;
			children = (
				94E38F1E1E91A6A8009254B4 /* RBStaticGround.swift */,
				94E38F201E91AB32009254B4 /* RBCharacterController.swift */,
				94E38F041E91A109009254B4 /* AppDelegate.swift */,
				94E38F061E91A109009254B4 /* GameScene.sks */,
				94E38F081E91A109009254B4 /* Actions.sks */,
				94E38F0A1E91A109009254B4 /* GameScene.swift */,
				94E38F221E92AEBA009254B4 /* RBDStickController.swift */,
				94E38F0C1E91A109009254B4 /* GameViewController.swift */,
				94E38F0E1E91A109009254B4 /* Main.storyboard */,
				94E38F111E91A109009254B4 /* Assets.xcassets */,
				94E38F131E91A109009254B4 /* LaunchScreen.storyboard */,
				94E38F161E91A109009254B4 /* Info.plist */,
			);
			path = Yusan_v0.2;
			sourceTree = "<group>";
		};
/* End PBXGroup section */

/* Begin PBXNativeTarget section */
		94E38F001E91A109009254B4 /* Yusan_v0.2 */ = {
			isa = PBXNativeTarget;
			buildConfigurationList = 94E38F191E91A109009254B4 /* Build configuration list for PBXNativeTarget "Yusan_v0.2" */;
			buildPhases = (
				94E38EFD1E91A109009254B4 /* Sources */,
				94E38EFE1E91A109009254B4 /* Frameworks */,
				94E38EFF1E91A109009254B4 /* Resources */,
			);
			buildRules = (
			);
			dependencies = (
			);
			name = Yusan_v0.2;
			productName = Yusan_v0.2;
			productReference = 94E38F011E91A109009254B4 /* Yusan_v0.2.app */;
			productType = "com.apple.product-type.application";
		};
/* End PBXNativeTarget section */

/* Begin PBXProject section */
		94E38EF91E91A109009254B4 /* Project object */ = {
			isa = PBXProject;
			attributes = {
				LastSwiftUpdateCheck = 0820;
				LastUpgradeCheck = 0820;
				ORGANIZATIONNAME = "RajKieran Basu";
				TargetAttributes = {
					94E38F001E91A109009254B4 = {
						CreatedOnToolsVersion = 8.2.1;
						DevelopmentTeam = UF2EC6K8TH;
						ProvisioningStyle = Automatic;
					};
				};
			};
			buildConfigurationList = 94E38EFC1E91A109009254B4 /* Build configuration list for PBXProject "Yusan_v0.2" */;
			compatibilityVersion = "Xcode 3.2";
			developmentRegion = English;
			hasScannedForEncodings = 0;
			knownRegions = (
				en,
				Base,
			);
			mainGroup = 94E38EF81E91A109009254B4;
			productRefGroup = 94E38F021E91A109009254B4 /* Products */;
			projectDirPath = "";
			projectRoot = "";
			targets = (
				94E38F001E91A109009254B4 /* Yusan_v0.2 */,
			);
		};
/* End PBXProject section */

/* Begin PBXResourcesBuildPhase section */
		94E38EFF1E91A109009254B4 /* Resources */ = {
			isa = PBXResourcesBuildPhase;
			buildActionMask = 2147483647;
			files = (
				94E38F101E91A109009254B4 /* Main.storyboard in Resources */,
				94E38F071E91A109009254B4 /* GameScene.sks in Resources */,
				94E38F121E91A109009254B4 /* Assets.xcassets in Resources */,
				94E38F151E91A109009254B4 /* LaunchScreen.storyboard in Resources */,
				94E38F091E91A109009254B4 /* Actions.sks in Resources */,
			);
			runOnlyForDeploymentPostprocessing = 0;
		};
/* End PBXResourcesBuildPhase section */

/* Begin PBXSourcesBuildPhase section */
		94E38EFD1E91A109009254B4 /* Sources */ = {
			isa = PBXSourcesBuildPhase;
			buildActionMask = 2147483647;
			files = (
				94E38F0B1E91A109009254B4 /* GameScene.swift in Sources */,
				94E38F0D1E91A109009254B4 /* GameViewController.swift in Sources */,
				94E38F1F1E91A6A8009254B4 /* RBStaticGround.swift in Sources */,
				94E38F051E91A109009254B4 /* AppDelegate.swift in Sources */,
				94E38F211E91AB32009254B4 /* RBCharacterController.swift in Sources */,
				94E38F231E92AEBA009254B4 /* RBDStickController.swift in Sources */,
			);
			runOnlyForDeploymentPostprocessing = 0;
		};
/* End PBXSourcesBuildPhase section */

/* Begin PBXVariantGroup section */
		94E38F0E1E91A109009254B4 /* Main.storyboard */ = {
			isa = PBXVariantGroup;
			children = (
				94E38F0F1E91A109009254B4 /* Base */,
			);
			name = Main.storyboard;
			sourceTree = "<group>";
		};
		94E38F131E91A109009254B4 /* LaunchScreen.storyboard */ = {
			isa = PBXVariantGroup;
			children = (
				94E38F141E91A109009254B4 /* Base */,
			);
			name = LaunchScreen.storyboard;
			sourceTree = "<group>";
		};
/* End PBXVariantGroup section */

/* Begin XCBuildConfiguration section */
		94E38F171E91A109009254B4 /* Debug */ = {
			isa = XCBuildConfiguration;
			buildSettings = {
				ALWAYS_SEARCH_USER_PATHS = NO;
				CLANG_ANALYZER_NONNULL = YES;
				CLANG_CXX_LANGUAGE_STANDARD = "gnu++0x";
				CLANG_CXX_LIBRARY = "libc++";
				CLANG_ENABLE_MODULES = YES;
				CLANG_ENABLE_OBJC_ARC = YES;
				CLANG_WARN_BOOL_CONVERSION = YES;
				CLANG_WARN_CONSTANT_CONVERSION = YES;
				CLANG_WARN_DIRECT_OBJC_ISA_USAGE = YES_ERROR;
				CLANG_WARN_DOCUMENTATION_COMMENTS = YES;
				CLANG_WARN_EMPTY_BODY = YES;
				CLANG_WARN_ENUM_CONVERSION = YES;
				CLANG_WARN_INFINITE_RECURSION = YES;
				CLANG_WARN_INT_CONVERSION = YES;
				CLANG_WARN_OBJC_ROOT_CLASS = YES_ERROR;
				CLANG_WARN_SUSPICIOUS_MOVE = YES;
				CLANG_WARN_UNREACHABLE_CODE = YES;
				CLANG_WARN__DUPLICATE_METHOD_MATCH = YES;
				"CODE_SIGN_IDENTITY[sdk=iphoneos*]" = "iPhone Developer";
				COPY_PHASE_STRIP = NO;
				DEBUG_INFORMATION_FORMAT = dwarf;
				ENABLE_STRICT_OBJC_MSGSEND = YES;
				ENABLE_TESTABILITY = YES;
				GCC_C_LANGUAGE_STANDARD = gnu99;
				GCC_DYNAMIC_NO_PIC = NO;
				GCC_NO_COMMON_BLOCKS = YES;
				GCC_OPTIMIZATION_LEVEL = 0;
				GCC_PREPROCESSOR_DEFINITIONS = (
					"DEBUG=1",
					"$(inherited)",
				);
				GCC_WARN_64_TO_32_BIT_CONVERSION = YES;
				GCC_WARN_ABOUT_RETURN_TYPE = YES_ERROR;
				GCC_WARN_UNDECLARED_SELECTOR = YES;
				GCC_WARN_UNINITIALIZED_AUTOS = YES_AGGRESSIVE;
				GCC_WARN_UNUSED_FUNCTION = YES;
				GCC_WARN_UNUSED_VARIABLE = YES;
				IPHONEOS_DEPLOYMENT_TARGET = 10.2;
				MTL_ENABLE_DEBUG_INFO = YES;
				ONLY_ACTIVE_ARCH = YES;
				SDKROOT = iphoneos;
				SWIFT_ACTIVE_COMPILATION_CONDITIONS = DEBUG;
				SWIFT_OPTIMIZATION_LEVEL = "-Onone";
			};
			name = Debug;
		};
		94E38F181E91A109009254B4 /* Release */ = {
			isa = XCBuildConfiguration;
			buildSettings = {
				ALWAYS_SEARCH_USER_PATHS = NO;
				CLANG_ANALYZER_NONNULL = YES;
				CLANG_CXX_LANGUAGE_STANDARD = "gnu++0x";
				CLANG_CXX_LIBRARY = "libc++";
				CLANG_ENABLE_MODULES = YES;
				CLANG_ENABLE_OBJC_ARC = YES;
				CLANG_WARN_BOOL_CONVERSION = YES;
				CLANG_WARN_CONSTANT_CONVERSION = YES;
				CLANG_WARN_DIRECT_OBJC_ISA_USAGE = YES_ERROR;
				CLANG_WARN_DOCUMENTATION_COMMENTS = YES;
				CLANG_WARN_EMPTY_BODY = YES;
				CLANG_WARN_ENUM_CONVERSION = YES;
				CLANG_WARN_INFINITE_RECURSION = YES;
				CLANG_WARN_INT_CONVERSION = YES;
				CLANG_WARN_OBJC_ROOT_CLASS = YES_ERROR;
				CLANG_WARN_SUSPICIOUS_MOVE = YES;
				CLANG_WARN_UNREACHABLE_CODE = YES;
				CLANG_WARN__DUPLICATE_METHOD_MATCH = YES;
				"CODE_SIGN_IDENTITY[sdk=iphoneos*]" = "iPhone Developer";
				COPY_PHASE_STRIP = NO;
				DEBUG_INFORMATION_FORMAT = "dwarf-with-dsym";
				ENABLE_NS_ASSERTIONS = NO;
				ENABLE_STRICT_OBJC_MSGSEND = YES;
				GCC_C_LANGUAGE_STANDARD = gnu99;
				GCC_NO_COMMON_BLOCKS = YES;
				GCC_WARN_64_TO_32_BIT_CONVERSION = YES;
				GCC_WARN_ABOUT_RETURN_TYPE = YES_ERROR;
				GCC_WARN_UNDECLARED_SELECTOR = YES;
				GCC_WARN_UNINITIALIZED_AUTOS = YES_AGGRESSIVE;
				GCC_WARN_UNUSED_FUNCTION = YES;
				GCC_WARN_UNUSED_VARIABLE = YES;
				IPHONEOS_DEPLOYMENT_TARGET = 10.2;
				MTL_ENABLE_DEBUG_INFO = NO;
				SDKROOT = iphoneos;
				SWIFT_OPTIMIZATION_LEVEL = "-Owholemodule";
				VALIDATE_PRODUCT = YES;
			};
			name = Release;
		};
		94E38F1A1E91A109009254B4 /* Debug */ = {
			isa = XCBuildConfiguration;
			buildSettings = {
				ASSETCATALOG_COMPILER_APPICON_NAME = AppIcon;
				DEVELOPMENT_TEAM = UF2EC6K8TH;
				INFOPLIST_FILE = Yusan_v0.2/Info.plist;
				LD_RUNPATH_SEARCH_PATHS = "$(inherited) @executable_path/Frameworks";
				PRODUCT_BUNDLE_IDENTIFIER = "RajKieran-Basu.Yusan-v0-2";
				PRODUCT_NAME = "$(TARGET_NAME)";
				SWIFT_VERSION = 3.0;
			};
			name = Debug;
		};
		94E38F1B1E91A109009254B4 /* Release */ = {
			isa = XCBuildConfiguration;
			buildSettings = {
				ASSETCATALOG_COMPILER_APPICON_NAME = AppIcon;
				DEVELOPMENT_TEAM = UF2EC6K8TH;
				INFOPLIST_FILE = Yusan_v0.2/Info.plist;
				LD_RUNPATH_SEARCH_PATHS = "$(inherited) @executable_path/Frameworks";
				PRODUCT_BUNDLE_IDENTIFIER = "RajKieran-Basu.Yusan-v0-2";
				PRODUCT_NAME = "$(TARGET_NAME)";
				SWIFT_VERSION = 3.0;
			};
			name = Release;
		};
/* End XCBuildConfiguration section */

/* Begin XCConfigurationList section */
		94E38EFC1E91A109009254B4 /* Build configuration list for PBXProject "Yusan_v0.2" */ = {
			isa = XCConfigurationList;
			buildConfigurations = (
				94E38F171E91A109009254B4 /* Debug */,
				94E38F181E91A109009254B4 /* Release */,
			);
			defaultConfigurationIsVisible = 0;
			defaultConfigurationName = Release;
		};
		94E38F191E91A109009254B4 /* Build configuration list for PBXNativeTarget "Yusan_v0.2" */ = {
			isa = XCConfigurationList;
			buildConfigurations = (
				94E38F1A1E91A109009254B4 /* Debug */,
				94E38F1B1E91A109009254B4 /* Release */,
			);
			defaultConfigurationIsVisible = 0;
			defaultConfigurationName = Release;
		};
/* End XCConfigurationList section */
	};
	rootObject = 94E38EF91E91A109009254B4 /* Project object */;
}
